
Microsoft Visual Studio Solution File, Format Version 12.00
# Visual Studio Version 16
VisualStudioVersion = 16.0.31019.35
MinimumVisualStudioVersion = 10.0.40219.1
Project("{2150E333-8FDC-42A3-9474-1A3956D46DE8}") = "Domain", "Domain", "{D01280CB-717F-4B33-A966-A39B02641D42}"
EndProject
Project("{2150E333-8FDC-42A3-9474-1A3956D46DE8}") = "Data", "Data", "{408F6FAA-1FD8-4995-BBC1-F18F240BE622}"
EndProject
Project("{2150E333-8FDC-42A3-9474-1A3956D46DE8}") = "Application", "Application", "{17D5FEF6-6F2A-43E9-831D-498212792EED}"
EndProject
Project("{9A19103F-16F7-4668-BE54-9A1E7A4F7556}") = "CREDITProcessament.Domain", "CREDITProcessament.Domain\CREDITProcessament.Domain.csproj", "{24C838A0-6901-4ACA-9FB1-5ED8006CFC4A}"
EndProject
Project("{9A19103F-16F7-4668-BE54-9A1E7A4F7556}") = "CREDITProcessament.Data", "CREDITProcessament.Data\CREDITProcessament.Data.csproj", "{4FBDF565-5A1B-49B9-BD75-73D30C1D7C00}"
EndProject
Project("{9A19103F-16F7-4668-BE54-9A1E7A4F7556}") = "CREDITProcessament.Data.Core", "CREDITProcessament.Data.Core\CREDITProcessament.Data.Core.csproj", "{4E98CD0B-5AD2-4255-8D77-C1C32EEF6965}"
EndProject
Project("{9A19103F-16F7-4668-BE54-9A1E7A4F7556}") = "CREDITProcessament.Data.Repository", "CREDITProcessament.Data.Repository\CREDITProcessament.Data.Repository.csproj", "{4B36D091-2310-4166-8540-EE26FBC9ED35}"
EndProject
Project("{9A19103F-16F7-4668-BE54-9A1E7A4F7556}") = "CREDITProcessament.Domain.Core", "CREDITProcessament.Domain.Core\CREDITProcessament.Domain.Core.csproj", "{B77B6CC1-5AB2-47D4-90E4-EB52F91D256C}"
EndProject
Project("{9A19103F-16F7-4668-BE54-9A1E7A4F7556}") = "CREDITProcessament.Domain.Services", "CREDITProcessament.Domain.Services\CREDITProcessament.Domain.Services.csproj", "{46A94CC2-C049-490B-94C5-A08F5FD73BD5}"
EndProject
Project("{9A19103F-16F7-4668-BE54-9A1E7A4F7556}") = "CREDITProcessament.API", "CREDITProcessament.API\CREDITProcessament.API.csproj", "{18456A31-B4A5-4ADB-BAC6-36B8DEC9222C}"
EndProject
Project("{2150E333-8FDC-42A3-9474-1A3956D46DE8}") = "Infra", "Infra", "{3BCCFD7E-2D70-4394-8A7C-E3AA5532B160}"
EndProject
Project("{6EC3EE1D-3C4E-46DD-8F32-0CC8E7565705}") = "CREDITProcessament.Infra.IOC", "CREDITProcessament.Infra.IOC\CREDITProcessament.Infra.IOC.fsproj", "{496B8150-FCB8-47BA-B588-54AF155128A8}"
EndProject
Global
	GlobalSection(SolutionConfigurationPlatforms) = preSolution
		Debug|Any CPU = Debug|Any CPU
		Release|Any CPU = Release|Any CPU
	EndGlobalSection
	GlobalSection(ProjectConfigurationPlatforms) = postSolution
		{24C838A0-6901-4ACA-9FB1-5ED8006CFC4A}.Debug|Any CPU.ActiveCfg = Debug|Any CPU
		{24C838A0-6901-4ACA-9FB1-5ED8006CFC4A}.Debug|Any CPU.Build.0 = Debug|Any CPU
		{24C838A0-6901-4ACA-9FB1-5ED8006CFC4A}.Release|Any CPU.ActiveCfg = Release|Any CPU
		{24C838A0-6901-4ACA-9FB1-5ED8006CFC4A}.Release|Any CPU.Build.0 = Release|Any CPU
		{4FBDF565-5A1B-49B9-BD75-73D30C1D7C00}.Debug|Any CPU.ActiveCfg = Debug|Any CPU
		{4FBDF565-5A1B-49B9-BD75-73D30C1D7C00}.Debug|Any CPU.Build.0 = Debug|Any CPU
		{4FBDF565-5A1B-49B9-BD75-73D30C1D7C00}.Release|Any CPU.ActiveCfg = Release|Any CPU
		{4FBDF565-5A1B-49B9-BD75-73D30C1D7C00}.Release|Any CPU.Build.0 = Release|Any CPU
		{4E98CD0B-5AD2-4255-8D77-C1C32EEF6965}.Debug|Any CPU.ActiveCfg = Debug|Any CPU
		{4E98CD0B-5AD2-4255-8D77-C1C32EEF6965}.Debug|Any CPU.Build.0 = Debug|Any CPU
		{4E98CD0B-5AD2-4255-8D77-C1C32EEF6965}.Release|Any CPU.ActiveCfg = Release|Any CPU
		{4E98CD0B-5AD2-4255-8D77-C1C32EEF6965}.Release|Any CPU.Build.0 = Release|Any CPU
		{4B36D091-2310-4166-8540-EE26FBC9ED35}.Debug|Any CPU.ActiveCfg = Debug|Any CPU
		{4B36D091-2310-4166-8540-EE26FBC9ED35}.Debug|Any CPU.Build.0 = Debug|Any CPU
		{4B36D091-2310-4166-8540-EE26FBC9ED35}.Release|Any CPU.ActiveCfg = Release|Any CPU
		{4B36D091-2310-4166-8540-EE26FBC9ED35}.Release|Any CPU.Build.0 = Release|Any CPU
		{B77B6CC1-5AB2-47D4-90E4-EB52F91D256C}.Debug|Any CPU.ActiveCfg = Debug|Any CPU
		{B77B6CC1-5AB2-47D4-90E4-EB52F91D256C}.Debug|Any CPU.Build.0 = Debug|Any CPU
		{B77B6CC1-5AB2-47D4-90E4-EB52F91D256C}.Release|Any CPU.ActiveCfg = Release|Any CPU
		{B77B6CC1-5AB2-47D4-90E4-EB52F91D256C}.Release|Any CPU.Build.0 = Release|Any CPU
		{46A94CC2-C049-490B-94C5-A08F5FD73BD5}.Debug|Any CPU.ActiveCfg = Debug|Any CPU
		{46A94CC2-C049-490B-94C5-A08F5FD73BD5}.Debug|Any CPU.Build.0 = Debug|Any CPU
		{46A94CC2-C049-490B-94C5-A08F5FD73BD5}.Release|Any CPU.ActiveCfg = Release|Any CPU
		{46A94CC2-C049-490B-94C5-A08F5FD73BD5}.Release|Any CPU.Build.0 = Release|Any CPU
		{18456A31-B4A5-4ADB-BAC6-36B8DEC9222C}.Debug|Any CPU.ActiveCfg = Debug|Any CPU
		{18456A31-B4A5-4ADB-BAC6-36B8DEC9222C}.Debug|Any CPU.Build.0 = Debug|Any CPU
		{18456A31-B4A5-4ADB-BAC6-36B8DEC9222C}.Release|Any CPU.ActiveCfg = Release|Any CPU
		{18456A31-B4A5-4ADB-BAC6-36B8DEC9222C}.Release|Any CPU.Build.0 = Release|Any CPU
		{496B8150-FCB8-47BA-B588-54AF155128A8}.Debug|Any CPU.ActiveCfg = Debug|Any CPU
		{496B8150-FCB8-47BA-B588-54AF155128A8}.Debug|Any CPU.Build.0 = Debug|Any CPU
		{496B8150-FCB8-47BA-B588-54AF155128A8}.Release|Any CPU.ActiveCfg = Release|Any CPU
		{496B8150-FCB8-47BA-B588-54AF155128A8}.Release|Any CPU.Build.0 = Release|Any CPU
	EndGlobalSection
	GlobalSection(SolutionProperties) = preSolution
		HideSolutionNode = FALSE
	EndGlobalSection
	GlobalSection(NestedProjects) = preSolution
		{24C838A0-6901-4ACA-9FB1-5ED8006CFC4A} = {D01280CB-717F-4B33-A966-A39B02641D42}
		{4FBDF565-5A1B-49B9-BD75-73D30C1D7C00} = {408F6FAA-1FD8-4995-BBC1-F18F240BE622}
		{4E98CD0B-5AD2-4255-8D77-C1C32EEF6965} = {408F6FAA-1FD8-4995-BBC1-F18F240BE622}
		{4B36D091-2310-4166-8540-EE26FBC9ED35} = {408F6FAA-1FD8-4995-BBC1-F18F240BE622}
		{B77B6CC1-5AB2-47D4-90E4-EB52F91D256C} = {D01280CB-717F-4B33-A966-A39B02641D42}
		{46A94CC2-C049-490B-94C5-A08F5FD73BD5} = {D01280CB-717F-4B33-A966-A39B02641D42}
		{18456A31-B4A5-4ADB-BAC6-36B8DEC9222C} = {17D5FEF6-6F2A-43E9-831D-498212792EED}
		{496B8150-FCB8-47BA-B588-54AF155128A8} = {3BCCFD7E-2D70-4394-8A7C-E3AA5532B160}
	EndGlobalSection
	GlobalSection(ExtensibilityGlobals) = postSolution
		SolutionGuid = {922D73D1-544B-48D2-9C2B-F576ADB07855}
	EndGlobalSection
EndGlobal
